
Microsoft Visual Studio Solution File, Format Version 12.00
# Visual Studio Version 17
VisualStudioVersion = 17.11.35103.136
MinimumVisualStudioVersion = 10.0.40219.1
Project("{9A19103F-16F7-4668-BE54-9A1E7A4F7556}") = "TheFirstDescendantAPI", "TheFirstDescendantAPI\TheFirstDescendantAPI.csproj", "{60679E1A-F1AA-4CBD-B8F6-B315195AD890}"
EndProject
Project("{FAE04EC0-301F-11D3-BF4B-00C04F79EFBC}") = "TheFirstDescendantAPITests", "TheFirstDescendantAPITests\TheFirstDescendantAPITests.csproj", "{896BC511-B08D-47C2-8B30-B9E1F308C40E}"
EndProject
Global
	GlobalSection(SolutionConfigurationPlatforms) = preSolution
		Debug|Any CPU = Debug|Any CPU
		Release|Any CPU = Release|Any CPU
	EndGlobalSection
	GlobalSection(ProjectConfigurationPlatforms) = postSolution
		{60679E1A-F1AA-4CBD-B8F6-B315195AD890}.Debug|Any CPU.ActiveCfg = Debug|Any CPU
		{60679E1A-F1AA-4CBD-B8F6-B315195AD890}.Debug|Any CPU.Build.0 = Debug|Any CPU
		{60679E1A-F1AA-4CBD-B8F6-B315195AD890}.Release|Any CPU.ActiveCfg = Release|Any CPU
		{60679E1A-F1AA-4CBD-B8F6-B315195AD890}.Release|Any CPU.Build.0 = Release|Any CPU
		{896BC511-B08D-47C2-8B30-B9E1F308C40E}.Debug|Any CPU.ActiveCfg = Debug|Any CPU
		{896BC511-B08D-47C2-8B30-B9E1F308C40E}.Debug|Any CPU.Build.0 = Debug|Any CPU
		{896BC511-B08D-47C2-8B30-B9E1F308C40E}.Release|Any CPU.ActiveCfg = Release|Any CPU
		{896BC511-B08D-47C2-8B30-B9E1F308C40E}.Release|Any CPU.Build.0 = Release|Any CPU
	EndGlobalSection
	GlobalSection(SolutionProperties) = preSolution
		HideSolutionNode = FALSE
	EndGlobalSection
	GlobalSection(ExtensibilityGlobals) = postSolution
		SolutionGuid = {60F13FD3-8E08-4E0A-8E47-A817B5D2E1AB}
	EndGlobalSection
EndGlobal
